
Microsoft Visual Studio Solution File, Format Version 12.00
# Visual Studio Version 17
VisualStudioVersion = 17.9.34723.18
MinimumVisualStudioVersion = 10.0.40219.1
Project("{9A19103F-16F7-4668-BE54-9A1E7A4F7556}") = "CityWeatherCosmosTrigger", "CityWeatherCosmosTrigger.csproj", "{DCD66404-B68C-4403-9DDD-85E8D4315C1D}"
EndProject
Global
	GlobalSection(SolutionConfigurationPlatforms) = preSolution
		Debug|Any CPU = Debug|Any CPU
		Release|Any CPU = Release|Any CPU
	EndGlobalSection
	GlobalSection(ProjectConfigurationPlatforms) = postSolution
		{DCD66404-B68C-4403-9DDD-85E8D4315C1D}.Debug|Any CPU.ActiveCfg = Debug|Any CPU
		{DCD66404-B68C-4403-9DDD-85E8D4315C1D}.Debug|Any CPU.Build.0 = Debug|Any CPU
		{DCD66404-B68C-4403-9DDD-85E8D4315C1D}.Release|Any CPU.ActiveCfg = Release|Any CPU
		{DCD66404-B68C-4403-9DDD-85E8D4315C1D}.Release|Any CPU.Build.0 = Release|Any CPU
	EndGlobalSection
	GlobalSection(SolutionProperties) = preSolution
		HideSolutionNode = FALSE
	EndGlobalSection
	GlobalSection(ExtensibilityGlobals) = postSolution
		SolutionGuid = {A0900DC3-C92C-426B-BEF6-3ED571DF07F4}
	EndGlobalSection
EndGlobal
